
Microsoft Visual Studio Solution File, Format Version 12.00
# Visual Studio Version 17
VisualStudioVersion = 17.1.32319.34
MinimumVisualStudioVersion = 10.0.40219.1
Project("{FAE04EC0-301F-11D3-BF4B-00C04F79EFBC}") = "Treehouse.ComicBookGallery", "Treehouse.ComicBookGallery.csproj", "{AE4538C9-9F60-40BF-9BD6-66C4DA04A885}"
EndProject
Global
	GlobalSection(SolutionConfigurationPlatforms) = preSolution
		Debug|Any CPU = Debug|Any CPU
		Release|Any CPU = Release|Any CPU
	EndGlobalSection
	GlobalSection(ProjectConfigurationPlatforms) = postSolution
		{AE4538C9-9F60-40BF-9BD6-66C4DA04A885}.Debug|Any CPU.ActiveCfg = Debug|Any CPU
		{AE4538C9-9F60-40BF-9BD6-66C4DA04A885}.Debug|Any CPU.Build.0 = Debug|Any CPU
		{AE4538C9-9F60-40BF-9BD6-66C4DA04A885}.Release|Any CPU.ActiveCfg = Release|Any CPU
		{AE4538C9-9F60-40BF-9BD6-66C4DA04A885}.Release|Any CPU.Build.0 = Release|Any CPU
	EndGlobalSection
	GlobalSection(SolutionProperties) = preSolution
		HideSolutionNode = FALSE
	EndGlobalSection
	GlobalSection(ExtensibilityGlobals) = postSolution
		SolutionGuid = {076EEC09-CD16-4394-BD4E-83292E891635}
	EndGlobalSection
EndGlobal
